
Microsoft Visual Studio Solution File, Format Version 12.00
# Visual Studio Version 17
VisualStudioVersion = 17.6.33829.357
MinimumVisualStudioVersion = 10.0.40219.1
Project("{FAE04EC0-301F-11D3-BF4B-00C04F79EFBC}") = "api-traveller", "api-traveller\api-traveller.csproj", "{01DB19A6-D6EA-4BDE-AE18-779F5CF1C5E2}"
EndProject
Global
	GlobalSection(SolutionConfigurationPlatforms) = preSolution
		Debug|Any CPU = Debug|Any CPU
		Release|Any CPU = Release|Any CPU
	EndGlobalSection
	GlobalSection(ProjectConfigurationPlatforms) = postSolution
		{01DB19A6-D6EA-4BDE-AE18-779F5CF1C5E2}.Debug|Any CPU.ActiveCfg = Debug|Any CPU
		{01DB19A6-D6EA-4BDE-AE18-779F5CF1C5E2}.Debug|Any CPU.Build.0 = Debug|Any CPU
		{01DB19A6-D6EA-4BDE-AE18-779F5CF1C5E2}.Release|Any CPU.ActiveCfg = Release|Any CPU
		{01DB19A6-D6EA-4BDE-AE18-779F5CF1C5E2}.Release|Any CPU.Build.0 = Release|Any CPU
	EndGlobalSection
	GlobalSection(SolutionProperties) = preSolution
		HideSolutionNode = FALSE
	EndGlobalSection
	GlobalSection(ExtensibilityGlobals) = postSolution
		SolutionGuid = {F0E917C7-BA20-4517-91FD-F04A6DF15626}
	EndGlobalSection
EndGlobal
